
Microsoft Visual Studio Solution File, Format Version 12.00
# Visual Studio Version 17
VisualStudioVersion = 17.4.33205.214
MinimumVisualStudioVersion = 10.0.40219.1
Project("{FAE04EC0-301F-11D3-BF4B-00C04F79EFBC}") = "HomeTask4_Classes", "HomeTask4_Classes.csproj", "{F8EC3B96-569F-4236-8BF6-8386B19881B5}"
EndProject
Global
	GlobalSection(SolutionConfigurationPlatforms) = preSolution
		Debug|Any CPU = Debug|Any CPU
		Release|Any CPU = Release|Any CPU
	EndGlobalSection
	GlobalSection(ProjectConfigurationPlatforms) = postSolution
		{F8EC3B96-569F-4236-8BF6-8386B19881B5}.Debug|Any CPU.ActiveCfg = Debug|Any CPU
		{F8EC3B96-569F-4236-8BF6-8386B19881B5}.Debug|Any CPU.Build.0 = Debug|Any CPU
		{F8EC3B96-569F-4236-8BF6-8386B19881B5}.Release|Any CPU.ActiveCfg = Release|Any CPU
		{F8EC3B96-569F-4236-8BF6-8386B19881B5}.Release|Any CPU.Build.0 = Release|Any CPU
	EndGlobalSection
	GlobalSection(SolutionProperties) = preSolution
		HideSolutionNode = FALSE
	EndGlobalSection
	GlobalSection(ExtensibilityGlobals) = postSolution
		SolutionGuid = {553C4B4E-EDD1-48F2-B6BD-9BBD7F2F492C}
	EndGlobalSection
EndGlobal
